{
  "name": "WME-SEGMENT-NODE-COUNT",
  "lockfileVersion": 3,
  "requires": true,
  "packages": {
    "": {
      "devDependencies": {
        "toastr": "^2.1.4",
        "wme-sdk-typings": "https://web-assets.waze.com/wme_sdk_docs/production/latest/wme-sdk-typings.tgz"
      }
    },
    "node_modules/@types/geojson": {
      "version": "7946.0.16",
      "resolved": "https://registry.npmjs.org/@types/geojson/-/geojson-7946.0.16.tgz",
      "integrity": "sha512-6C8nqWur3j98U6+lXDfTUWIfgvZU+EumvpHKcYjujKH7woYyLj2sUmff0tRhrqM7BohUw7Pz3ZB1jj2gW9Fvmg==",
      "dev": true,
      "license": "MIT",
      "peer": true
    },
    "node_modules/jquery": {
      "version": "3.7.1",
      "resolved": "https://registry.npmjs.org/jquery/-/jquery-3.7.1.tgz",
      "integrity": "sha512-m4avr8yL8kmFN8psrbFFFmB/If14iN5o9nw/NgnnM+kybDJpRsAynV2BsfpTYrTRysYUdADVD7CkUUizgkpLfg==",
      "dev": true,
      "license": "MIT"
    },
    "node_modules/toastr": {
      "version": "2.1.4",
      "resolved": "https://registry.npmjs.org/toastr/-/toastr-2.1.4.tgz",
      "integrity": "sha512-LIy77F5n+sz4tefMmFOntcJ6HL0Fv3k1TDnNmFZ0bU/GcvIIfy6eG2v7zQmMiYgaalAiUv75ttFrPn5s0gyqlA==",
      "dev": true,
      "dependencies": {
        "jquery": ">=1.12.0"
      }
    },
    "node_modules/wme-sdk-typings": {
      "version": "v2.331-11-gf9507e2eb9",
      "resolved": "https://web-assets.waze.com/wme_sdk_docs/production/latest/wme-sdk-typings.tgz",
      "integrity": "sha512-F9iYCV+c0Dg1gpgX44vHPK4fn7xbm+U1hdUXn/tikjOjkfK8rWFgX/pDn3upEGc9zMmiYdtvTK7/c+V2ddcrqg==",
      "dev": true,
      "license": "UNLICENSED",
      "peerDependencies": {
        "@types/geojson": "^7946.0.14"
      }
    }
  }
}
